
Microsoft Visual Studio Solution File, Format Version 12.00
# Visual Studio Version 16
VisualStudioVersion = 16.6.30114.105
MinimumVisualStudioVersion = 10.0.40219.1
Project("{2150E333-8FDC-42A3-9474-1A3956D46DE8}") = "Solution Items", "Solution Items", "{4C61D1A4-86AB-4A25-BFB8-D3BF64990C4A}"
	ProjectSection(SolutionItems) = preProject
		.gitignore = .gitignore
		k8s\develop\deployment-develop.yaml = k8s\develop\deployment-develop.yaml
		deployment.yaml = deployment.yaml
		Dockerfile = Dockerfile
		github-ci.yaml = github-ci.yaml
		k8s\develop\namespace-develop.yaml = k8s\develop\namespace-develop.yaml
		k8s\develop\service-develop.yaml = k8s\develop\service-develop.yaml
		.github\workflows\Teste.yml = .github\workflows\Teste.yml
	EndProjectSection
EndProject
Project("{9A19103F-16F7-4668-BE54-9A1E7A4F7556}") = "MyLogger", "src\MyLogger.csproj", "{948903B5-DC8C-423B-9A42-65AEEA827BC2}"
EndProject
Global
	GlobalSection(SolutionConfigurationPlatforms) = preSolution
		Debug|Any CPU = Debug|Any CPU
		Debug|x64 = Debug|x64
		Debug|x86 = Debug|x86
		Release|Any CPU = Release|Any CPU
		Release|x64 = Release|x64
		Release|x86 = Release|x86
	EndGlobalSection
	GlobalSection(ProjectConfigurationPlatforms) = postSolution
		{948903B5-DC8C-423B-9A42-65AEEA827BC2}.Debug|Any CPU.ActiveCfg = Debug|Any CPU
		{948903B5-DC8C-423B-9A42-65AEEA827BC2}.Debug|Any CPU.Build.0 = Debug|Any CPU
		{948903B5-DC8C-423B-9A42-65AEEA827BC2}.Debug|x64.ActiveCfg = Debug|Any CPU
		{948903B5-DC8C-423B-9A42-65AEEA827BC2}.Debug|x64.Build.0 = Debug|Any CPU
		{948903B5-DC8C-423B-9A42-65AEEA827BC2}.Debug|x86.ActiveCfg = Debug|Any CPU
		{948903B5-DC8C-423B-9A42-65AEEA827BC2}.Debug|x86.Build.0 = Debug|Any CPU
		{948903B5-DC8C-423B-9A42-65AEEA827BC2}.Release|Any CPU.ActiveCfg = Release|Any CPU
		{948903B5-DC8C-423B-9A42-65AEEA827BC2}.Release|Any CPU.Build.0 = Release|Any CPU
		{948903B5-DC8C-423B-9A42-65AEEA827BC2}.Release|x64.ActiveCfg = Release|Any CPU
		{948903B5-DC8C-423B-9A42-65AEEA827BC2}.Release|x64.Build.0 = Release|Any CPU
		{948903B5-DC8C-423B-9A42-65AEEA827BC2}.Release|x86.ActiveCfg = Release|Any CPU
		{948903B5-DC8C-423B-9A42-65AEEA827BC2}.Release|x86.Build.0 = Release|Any CPU
	EndGlobalSection
	GlobalSection(SolutionProperties) = preSolution
		HideSolutionNode = FALSE
	EndGlobalSection
	GlobalSection(ExtensibilityGlobals) = postSolution
		SolutionGuid = {01E5347D-E2AB-47EF-BE1A-BBE7FFE06993}
	EndGlobalSection
EndGlobal
